
Microsoft Visual Studio Solution File, Format Version 12.00
# Visual Studio 14
VisualStudioVersion = 14.0.25420.1
MinimumVisualStudioVersion = 10.0.40219.1
Project("{FAE04EC0-301F-11D3-BF4B-00C04F79EFBC}") = "LedBlinker", "LedBlinker\LedBlinker.csproj", "{19907338-1B6E-4BE5-8D33-3E79C2EDA72E}"
EndProject
Project("{FAE04EC0-301F-11D3-BF4B-00C04F79EFBC}") = "ButtonClicker", "ButtonClicker\ButtonClicker.csproj", "{D8C996DE-0595-49F7-A059-23D2C09053EE}"
EndProject
Project("{FAE04EC0-301F-11D3-BF4B-00C04F79EFBC}") = "NetWorker", "NetWorker\NetWorker.csproj", "{3CAEEDE2-5412-4BC3-96FF-5D64C09F68A0}"
EndProject
Project("{FAE04EC0-301F-11D3-BF4B-00C04F79EFBC}") = "InterruptPort Demo", "InterruptPort Demo\InterruptPort Demo.csproj", "{7EA5BA83-B34A-4391-9820-AE822EF4812F}"
EndProject
Project("{FAE04EC0-301F-11D3-BF4B-00C04F79EFBC}") = "First Window App", "First Window App\First Window App.csproj", "{BB5CC9FC-0409-49E6-AE1D-327FBE44C39C}"
EndProject
Project("{FAE04EC0-301F-11D3-BF4B-00C04F79EFBC}") = "Pinger", "Pinger\Pinger.csproj", "{B5D037FA-00A8-427B-B7CF-A42A2CF553E0}"
EndProject
Project("{FAE04EC0-301F-11D3-BF4B-00C04F79EFBC}") = "Server", "Server\Server.csproj", "{8A1CC4E0-437E-4C08-8152-D9389C2933DF}"
EndProject
Project("{FAE04EC0-301F-11D3-BF4B-00C04F79EFBC}") = "Client", "Client\Client.csproj", "{53442938-6B06-4F75-B31E-8B40B63A7B4D}"
EndProject
Project("{FAE04EC0-301F-11D3-BF4B-00C04F79EFBC}") = "WebServer", "WebServer\WebServer.csproj", "{F265D1FD-02B0-4F31-A666-B13FB98502D4}"
EndProject
Project("{FAE04EC0-301F-11D3-BF4B-00C04F79EFBC}") = "Demo", "Demo\Demo.csproj", "{70064A0E-0E43-471F-9471-9FB6912115AD}"
EndProject
Project("{FAE04EC0-301F-11D3-BF4B-00C04F79EFBC}") = "Roomba", "Roomba\Roomba.csproj", "{B9AC82D7-3FE2-43EC-B69F-032A2E9B9AC5}"
EndProject
Project("{FAE04EC0-301F-11D3-BF4B-00C04F79EFBC}") = "MFConsoleApplication1", "MFConsoleApplication1\MFConsoleApplication1.csproj", "{69FD312D-1A07-475C-B33F-A300895FCB65}"
EndProject
Project("{FAE04EC0-301F-11D3-BF4B-00C04F79EFBC}") = "Roomba V2", "Roomba V2\Roomba V2.csproj", "{0B0758B6-F8F1-4832-86FF-3B7037F00535}"
EndProject
Global
	GlobalSection(SolutionConfigurationPlatforms) = preSolution
		Debug|Any CPU = Debug|Any CPU
		Debug|x64 = Debug|x64
		Debug|x86 = Debug|x86
		Release|Any CPU = Release|Any CPU
		Release|x64 = Release|x64
		Release|x86 = Release|x86
	EndGlobalSection
	GlobalSection(ProjectConfigurationPlatforms) = postSolution
		{19907338-1B6E-4BE5-8D33-3E79C2EDA72E}.Debug|Any CPU.ActiveCfg = Debug|Any CPU
		{19907338-1B6E-4BE5-8D33-3E79C2EDA72E}.Debug|Any CPU.Build.0 = Debug|Any CPU
		{19907338-1B6E-4BE5-8D33-3E79C2EDA72E}.Debug|Any CPU.Deploy.0 = Debug|Any CPU
		{19907338-1B6E-4BE5-8D33-3E79C2EDA72E}.Debug|x64.ActiveCfg = Debug|Any CPU
		{19907338-1B6E-4BE5-8D33-3E79C2EDA72E}.Debug|x64.Build.0 = Debug|Any CPU
		{19907338-1B6E-4BE5-8D33-3E79C2EDA72E}.Debug|x64.Deploy.0 = Debug|Any CPU
		{19907338-1B6E-4BE5-8D33-3E79C2EDA72E}.Debug|x86.ActiveCfg = Debug|Any CPU
		{19907338-1B6E-4BE5-8D33-3E79C2EDA72E}.Debug|x86.Build.0 = Debug|Any CPU
		{19907338-1B6E-4BE5-8D33-3E79C2EDA72E}.Debug|x86.Deploy.0 = Debug|Any CPU
		{19907338-1B6E-4BE5-8D33-3E79C2EDA72E}.Release|Any CPU.ActiveCfg = Release|Any CPU
		{19907338-1B6E-4BE5-8D33-3E79C2EDA72E}.Release|Any CPU.Build.0 = Release|Any CPU
		{19907338-1B6E-4BE5-8D33-3E79C2EDA72E}.Release|Any CPU.Deploy.0 = Release|Any CPU
		{19907338-1B6E-4BE5-8D33-3E79C2EDA72E}.Release|x64.ActiveCfg = Release|Any CPU
		{19907338-1B6E-4BE5-8D33-3E79C2EDA72E}.Release|x64.Build.0 = Release|Any CPU
		{19907338-1B6E-4BE5-8D33-3E79C2EDA72E}.Release|x64.Deploy.0 = Release|Any CPU
		{19907338-1B6E-4BE5-8D33-3E79C2EDA72E}.Release|x86.ActiveCfg = Release|Any CPU
		{19907338-1B6E-4BE5-8D33-3E79C2EDA72E}.Release|x86.Build.0 = Release|Any CPU
		{19907338-1B6E-4BE5-8D33-3E79C2EDA72E}.Release|x86.Deploy.0 = Release|Any CPU
		{D8C996DE-0595-49F7-A059-23D2C09053EE}.Debug|Any CPU.ActiveCfg = Debug|Any CPU
		{D8C996DE-0595-49F7-A059-23D2C09053EE}.Debug|Any CPU.Build.0 = Debug|Any CPU
		{D8C996DE-0595-49F7-A059-23D2C09053EE}.Debug|Any CPU.Deploy.0 = Debug|Any CPU
		{D8C996DE-0595-49F7-A059-23D2C09053EE}.Debug|x64.ActiveCfg = Debug|Any CPU
		{D8C996DE-0595-49F7-A059-23D2C09053EE}.Debug|x64.Build.0 = Debug|Any CPU
		{D8C996DE-0595-49F7-A059-23D2C09053EE}.Debug|x64.Deploy.0 = Debug|Any CPU
		{D8C996DE-0595-49F7-A059-23D2C09053EE}.Debug|x86.ActiveCfg = Debug|Any CPU
		{D8C996DE-0595-49F7-A059-23D2C09053EE}.Debug|x86.Build.0 = Debug|Any CPU
		{D8C996DE-0595-49F7-A059-23D2C09053EE}.Debug|x86.Deploy.0 = Debug|Any CPU
		{D8C996DE-0595-49F7-A059-23D2C09053EE}.Release|Any CPU.ActiveCfg = Release|Any CPU
		{D8C996DE-0595-49F7-A059-23D2C09053EE}.Release|Any CPU.Build.0 = Release|Any CPU
		{D8C996DE-0595-49F7-A059-23D2C09053EE}.Release|Any CPU.Deploy.0 = Release|Any CPU
		{D8C996DE-0595-49F7-A059-23D2C09053EE}.Release|x64.ActiveCfg = Release|Any CPU
		{D8C996DE-0595-49F7-A059-23D2C09053EE}.Release|x64.Build.0 = Release|Any CPU
		{D8C996DE-0595-49F7-A059-23D2C09053EE}.Release|x64.Deploy.0 = Release|Any CPU
		{D8C996DE-0595-49F7-A059-23D2C09053EE}.Release|x86.ActiveCfg = Release|Any CPU
		{D8C996DE-0595-49F7-A059-23D2C09053EE}.Release|x86.Build.0 = Release|Any CPU
		{D8C996DE-0595-49F7-A059-23D2C09053EE}.Release|x86.Deploy.0 = Release|Any CPU
		{3CAEEDE2-5412-4BC3-96FF-5D64C09F68A0}.Debug|Any CPU.ActiveCfg = Debug|Any CPU
		{3CAEEDE2-5412-4BC3-96FF-5D64C09F68A0}.Debug|Any CPU.Build.0 = Debug|Any CPU
		{3CAEEDE2-5412-4BC3-96FF-5D64C09F68A0}.Debug|Any CPU.Deploy.0 = Debug|Any CPU
		{3CAEEDE2-5412-4BC3-96FF-5D64C09F68A0}.Debug|x64.ActiveCfg = Debug|Any CPU
		{3CAEEDE2-5412-4BC3-96FF-5D64C09F68A0}.Debug|x64.Build.0 = Debug|Any CPU
		{3CAEEDE2-5412-4BC3-96FF-5D64C09F68A0}.Debug|x64.Deploy.0 = Debug|Any CPU
		{3CAEEDE2-5412-4BC3-96FF-5D64C09F68A0}.Debug|x86.ActiveCfg = Debug|Any CPU
		{3CAEEDE2-5412-4BC3-96FF-5D64C09F68A0}.Debug|x86.Build.0 = Debug|Any CPU
		{3CAEEDE2-5412-4BC3-96FF-5D64C09F68A0}.Debug|x86.Deploy.0 = Debug|Any CPU
		{3CAEEDE2-5412-4BC3-96FF-5D64C09F68A0}.Release|Any CPU.ActiveCfg = Release|Any CPU
		{3CAEEDE2-5412-4BC3-96FF-5D64C09F68A0}.Release|Any CPU.Build.0 = Release|Any CPU
		{3CAEEDE2-5412-4BC3-96FF-5D64C09F68A0}.Release|Any CPU.Deploy.0 = Release|Any CPU
		{3CAEEDE2-5412-4BC3-96FF-5D64C09F68A0}.Release|x64.ActiveCfg = Release|Any CPU
		{3CAEEDE2-5412-4BC3-96FF-5D64C09F68A0}.Release|x64.Build.0 = Release|Any CPU
		{3CAEEDE2-5412-4BC3-96FF-5D64C09F68A0}.Release|x64.Deploy.0 = Release|Any CPU
		{3CAEEDE2-5412-4BC3-96FF-5D64C09F68A0}.Release|x86.ActiveCfg = Release|Any CPU
		{3CAEEDE2-5412-4BC3-96FF-5D64C09F68A0}.Release|x86.Build.0 = Release|Any CPU
		{3CAEEDE2-5412-4BC3-96FF-5D64C09F68A0}.Release|x86.Deploy.0 = Release|Any CPU
		{7EA5BA83-B34A-4391-9820-AE822EF4812F}.Debug|Any CPU.ActiveCfg = Debug|Any CPU
		{7EA5BA83-B34A-4391-9820-AE822EF4812F}.Debug|Any CPU.Build.0 = Debug|Any CPU
		{7EA5BA83-B34A-4391-9820-AE822EF4812F}.Debug|Any CPU.Deploy.0 = Debug|Any CPU
		{7EA5BA83-B34A-4391-9820-AE822EF4812F}.Debug|x64.ActiveCfg = Debug|Any CPU
		{7EA5BA83-B34A-4391-9820-AE822EF4812F}.Debug|x86.ActiveCfg = Debug|Any CPU
		{7EA5BA83-B34A-4391-9820-AE822EF4812F}.Release|Any CPU.ActiveCfg = Release|Any CPU
		{7EA5BA83-B34A-4391-9820-AE822EF4812F}.Release|Any CPU.Build.0 = Release|Any CPU
		{7EA5BA83-B34A-4391-9820-AE822EF4812F}.Release|Any CPU.Deploy.0 = Release|Any CPU
		{7EA5BA83-B34A-4391-9820-AE822EF4812F}.Release|x64.ActiveCfg = Release|Any CPU
		{7EA5BA83-B34A-4391-9820-AE822EF4812F}.Release|x86.ActiveCfg = Release|Any CPU
		{BB5CC9FC-0409-49E6-AE1D-327FBE44C39C}.Debug|Any CPU.ActiveCfg = Debug|Any CPU
		{BB5CC9FC-0409-49E6-AE1D-327FBE44C39C}.Debug|Any CPU.Build.0 = Debug|Any CPU
		{BB5CC9FC-0409-49E6-AE1D-327FBE44C39C}.Debug|Any CPU.Deploy.0 = Debug|Any CPU
		{BB5CC9FC-0409-49E6-AE1D-327FBE44C39C}.Debug|x64.ActiveCfg = Debug|Any CPU
		{BB5CC9FC-0409-49E6-AE1D-327FBE44C39C}.Debug|x64.Build.0 = Debug|Any CPU
		{BB5CC9FC-0409-49E6-AE1D-327FBE44C39C}.Debug|x64.Deploy.0 = Debug|Any CPU
		{BB5CC9FC-0409-49E6-AE1D-327FBE44C39C}.Debug|x86.ActiveCfg = Debug|Any CPU
		{BB5CC9FC-0409-49E6-AE1D-327FBE44C39C}.Debug|x86.Build.0 = Debug|Any CPU
		{BB5CC9FC-0409-49E6-AE1D-327FBE44C39C}.Debug|x86.Deploy.0 = Debug|Any CPU
		{BB5CC9FC-0409-49E6-AE1D-327FBE44C39C}.Release|Any CPU.ActiveCfg = Release|Any CPU
		{BB5CC9FC-0409-49E6-AE1D-327FBE44C39C}.Release|Any CPU.Build.0 = Release|Any CPU
		{BB5CC9FC-0409-49E6-AE1D-327FBE44C39C}.Release|Any CPU.Deploy.0 = Release|Any CPU
		{BB5CC9FC-0409-49E6-AE1D-327FBE44C39C}.Release|x64.ActiveCfg = Release|Any CPU
		{BB5CC9FC-0409-49E6-AE1D-327FBE44C39C}.Release|x64.Build.0 = Release|Any CPU
		{BB5CC9FC-0409-49E6-AE1D-327FBE44C39C}.Release|x64.Deploy.0 = Release|Any CPU
		{BB5CC9FC-0409-49E6-AE1D-327FBE44C39C}.Release|x86.ActiveCfg = Release|Any CPU
		{BB5CC9FC-0409-49E6-AE1D-327FBE44C39C}.Release|x86.Build.0 = Release|Any CPU
		{BB5CC9FC-0409-49E6-AE1D-327FBE44C39C}.Release|x86.Deploy.0 = Release|Any CPU
		{B5D037FA-00A8-427B-B7CF-A42A2CF553E0}.Debug|Any CPU.ActiveCfg = Debug|Any CPU
		{B5D037FA-00A8-427B-B7CF-A42A2CF553E0}.Debug|Any CPU.Build.0 = Debug|Any CPU
		{B5D037FA-00A8-427B-B7CF-A42A2CF553E0}.Debug|Any CPU.Deploy.0 = Debug|Any CPU
		{B5D037FA-00A8-427B-B7CF-A42A2CF553E0}.Debug|x64.ActiveCfg = Debug|Any CPU
		{B5D037FA-00A8-427B-B7CF-A42A2CF553E0}.Debug|x64.Build.0 = Debug|Any CPU
		{B5D037FA-00A8-427B-B7CF-A42A2CF553E0}.Debug|x64.Deploy.0 = Debug|Any CPU
		{B5D037FA-00A8-427B-B7CF-A42A2CF553E0}.Debug|x86.ActiveCfg = Debug|Any CPU
		{B5D037FA-00A8-427B-B7CF-A42A2CF553E0}.Debug|x86.Build.0 = Debug|Any CPU
		{B5D037FA-00A8-427B-B7CF-A42A2CF553E0}.Debug|x86.Deploy.0 = Debug|Any CPU
		{B5D037FA-00A8-427B-B7CF-A42A2CF553E0}.Release|Any CPU.ActiveCfg = Release|Any CPU
		{B5D037FA-00A8-427B-B7CF-A42A2CF553E0}.Release|Any CPU.Build.0 = Release|Any CPU
		{B5D037FA-00A8-427B-B7CF-A42A2CF553E0}.Release|Any CPU.Deploy.0 = Release|Any CPU
		{B5D037FA-00A8-427B-B7CF-A42A2CF553E0}.Release|x64.ActiveCfg = Release|Any CPU
		{B5D037FA-00A8-427B-B7CF-A42A2CF553E0}.Release|x64.Build.0 = Release|Any CPU
		{B5D037FA-00A8-427B-B7CF-A42A2CF553E0}.Release|x64.Deploy.0 = Release|Any CPU
		{B5D037FA-00A8-427B-B7CF-A42A2CF553E0}.Release|x86.ActiveCfg = Release|Any CPU
		{B5D037FA-00A8-427B-B7CF-A42A2CF553E0}.Release|x86.Build.0 = Release|Any CPU
		{B5D037FA-00A8-427B-B7CF-A42A2CF553E0}.Release|x86.Deploy.0 = Release|Any CPU
		{8A1CC4E0-437E-4C08-8152-D9389C2933DF}.Debug|Any CPU.ActiveCfg = Debug|Any CPU
		{8A1CC4E0-437E-4C08-8152-D9389C2933DF}.Debug|Any CPU.Build.0 = Debug|Any CPU
		{8A1CC4E0-437E-4C08-8152-D9389C2933DF}.Debug|Any CPU.Deploy.0 = Debug|Any CPU
		{8A1CC4E0-437E-4C08-8152-D9389C2933DF}.Debug|x64.ActiveCfg = Debug|Any CPU
		{8A1CC4E0-437E-4C08-8152-D9389C2933DF}.Debug|x64.Build.0 = Debug|Any CPU
		{8A1CC4E0-437E-4C08-8152-D9389C2933DF}.Debug|x64.Deploy.0 = Debug|Any CPU
		{8A1CC4E0-437E-4C08-8152-D9389C2933DF}.Debug|x86.ActiveCfg = Debug|Any CPU
		{8A1CC4E0-437E-4C08-8152-D9389C2933DF}.Debug|x86.Build.0 = Debug|Any CPU
		{8A1CC4E0-437E-4C08-8152-D9389C2933DF}.Debug|x86.Deploy.0 = Debug|Any CPU
		{8A1CC4E0-437E-4C08-8152-D9389C2933DF}.Release|Any CPU.ActiveCfg = Release|Any CPU
		{8A1CC4E0-437E-4C08-8152-D9389C2933DF}.Release|Any CPU.Build.0 = Release|Any CPU
		{8A1CC4E0-437E-4C08-8152-D9389C2933DF}.Release|Any CPU.Deploy.0 = Release|Any CPU
		{8A1CC4E0-437E-4C08-8152-D9389C2933DF}.Release|x64.ActiveCfg = Release|Any CPU
		{8A1CC4E0-437E-4C08-8152-D9389C2933DF}.Release|x64.Build.0 = Release|Any CPU
		{8A1CC4E0-437E-4C08-8152-D9389C2933DF}.Release|x64.Deploy.0 = Release|Any CPU
		{8A1CC4E0-437E-4C08-8152-D9389C2933DF}.Release|x86.ActiveCfg = Release|Any CPU
		{8A1CC4E0-437E-4C08-8152-D9389C2933DF}.Release|x86.Build.0 = Release|Any CPU
		{8A1CC4E0-437E-4C08-8152-D9389C2933DF}.Release|x86.Deploy.0 = Release|Any CPU
		{53442938-6B06-4F75-B31E-8B40B63A7B4D}.Debug|Any CPU.ActiveCfg = Debug|Any CPU
		{53442938-6B06-4F75-B31E-8B40B63A7B4D}.Debug|Any CPU.Build.0 = Debug|Any CPU
		{53442938-6B06-4F75-B31E-8B40B63A7B4D}.Debug|x64.ActiveCfg = Debug|Any CPU
		{53442938-6B06-4F75-B31E-8B40B63A7B4D}.Debug|x64.Build.0 = Debug|Any CPU
		{53442938-6B06-4F75-B31E-8B40B63A7B4D}.Debug|x86.ActiveCfg = Debug|Any CPU
		{53442938-6B06-4F75-B31E-8B40B63A7B4D}.Debug|x86.Build.0 = Debug|Any CPU
		{53442938-6B06-4F75-B31E-8B40B63A7B4D}.Release|Any CPU.ActiveCfg = Release|Any CPU
		{53442938-6B06-4F75-B31E-8B40B63A7B4D}.Release|Any CPU.Build.0 = Release|Any CPU
		{53442938-6B06-4F75-B31E-8B40B63A7B4D}.Release|x64.ActiveCfg = Release|Any CPU
		{53442938-6B06-4F75-B31E-8B40B63A7B4D}.Release|x64.Build.0 = Release|Any CPU
		{53442938-6B06-4F75-B31E-8B40B63A7B4D}.Release|x86.ActiveCfg = Release|Any CPU
		{53442938-6B06-4F75-B31E-8B40B63A7B4D}.Release|x86.Build.0 = Release|Any CPU
		{F265D1FD-02B0-4F31-A666-B13FB98502D4}.Debug|Any CPU.ActiveCfg = Debug|Any CPU
		{F265D1FD-02B0-4F31-A666-B13FB98502D4}.Debug|Any CPU.Build.0 = Debug|Any CPU
		{F265D1FD-02B0-4F31-A666-B13FB98502D4}.Debug|Any CPU.Deploy.0 = Debug|Any CPU
		{F265D1FD-02B0-4F31-A666-B13FB98502D4}.Debug|x64.ActiveCfg = Debug|Any CPU
		{F265D1FD-02B0-4F31-A666-B13FB98502D4}.Debug|x64.Build.0 = Debug|Any CPU
		{F265D1FD-02B0-4F31-A666-B13FB98502D4}.Debug|x64.Deploy.0 = Debug|Any CPU
		{F265D1FD-02B0-4F31-A666-B13FB98502D4}.Debug|x86.ActiveCfg = Debug|Any CPU
		{F265D1FD-02B0-4F31-A666-B13FB98502D4}.Debug|x86.Build.0 = Debug|Any CPU
		{F265D1FD-02B0-4F31-A666-B13FB98502D4}.Debug|x86.Deploy.0 = Debug|Any CPU
		{F265D1FD-02B0-4F31-A666-B13FB98502D4}.Release|Any CPU.ActiveCfg = Release|Any CPU
		{F265D1FD-02B0-4F31-A666-B13FB98502D4}.Release|Any CPU.Build.0 = Release|Any CPU
		{F265D1FD-02B0-4F31-A666-B13FB98502D4}.Release|Any CPU.Deploy.0 = Release|Any CPU
		{F265D1FD-02B0-4F31-A666-B13FB98502D4}.Release|x64.ActiveCfg = Release|Any CPU
		{F265D1FD-02B0-4F31-A666-B13FB98502D4}.Release|x64.Build.0 = Release|Any CPU
		{F265D1FD-02B0-4F31-A666-B13FB98502D4}.Release|x64.Deploy.0 = Release|Any CPU
		{F265D1FD-02B0-4F31-A666-B13FB98502D4}.Release|x86.ActiveCfg = Release|Any CPU
		{F265D1FD-02B0-4F31-A666-B13FB98502D4}.Release|x86.Build.0 = Release|Any CPU
		{F265D1FD-02B0-4F31-A666-B13FB98502D4}.Release|x86.Deploy.0 = Release|Any CPU
		{70064A0E-0E43-471F-9471-9FB6912115AD}.Debug|Any CPU.ActiveCfg = Debug|Any CPU
		{70064A0E-0E43-471F-9471-9FB6912115AD}.Debug|Any CPU.Build.0 = Debug|Any CPU
		{70064A0E-0E43-471F-9471-9FB6912115AD}.Debug|Any CPU.Deploy.0 = Debug|Any CPU
		{70064A0E-0E43-471F-9471-9FB6912115AD}.Debug|x64.ActiveCfg = Debug|Any CPU
		{70064A0E-0E43-471F-9471-9FB6912115AD}.Debug|x86.ActiveCfg = Debug|Any CPU
		{70064A0E-0E43-471F-9471-9FB6912115AD}.Release|Any CPU.ActiveCfg = Release|Any CPU
		{70064A0E-0E43-471F-9471-9FB6912115AD}.Release|Any CPU.Build.0 = Release|Any CPU
		{70064A0E-0E43-471F-9471-9FB6912115AD}.Release|Any CPU.Deploy.0 = Release|Any CPU
		{70064A0E-0E43-471F-9471-9FB6912115AD}.Release|x64.ActiveCfg = Release|Any CPU
		{70064A0E-0E43-471F-9471-9FB6912115AD}.Release|x86.ActiveCfg = Release|Any CPU
		{B9AC82D7-3FE2-43EC-B69F-032A2E9B9AC5}.Debug|Any CPU.ActiveCfg = Debug|Any CPU
		{B9AC82D7-3FE2-43EC-B69F-032A2E9B9AC5}.Debug|Any CPU.Build.0 = Debug|Any CPU
		{B9AC82D7-3FE2-43EC-B69F-032A2E9B9AC5}.Debug|Any CPU.Deploy.0 = Debug|Any CPU
		{B9AC82D7-3FE2-43EC-B69F-032A2E9B9AC5}.Debug|x64.ActiveCfg = Debug|Any CPU
		{B9AC82D7-3FE2-43EC-B69F-032A2E9B9AC5}.Debug|x64.Build.0 = Debug|Any CPU
		{B9AC82D7-3FE2-43EC-B69F-032A2E9B9AC5}.Debug|x64.Deploy.0 = Debug|Any CPU
		{B9AC82D7-3FE2-43EC-B69F-032A2E9B9AC5}.Debug|x86.ActiveCfg = Debug|Any CPU
		{B9AC82D7-3FE2-43EC-B69F-032A2E9B9AC5}.Debug|x86.Build.0 = Debug|Any CPU
		{B9AC82D7-3FE2-43EC-B69F-032A2E9B9AC5}.Debug|x86.Deploy.0 = Debug|Any CPU
		{B9AC82D7-3FE2-43EC-B69F-032A2E9B9AC5}.Release|Any CPU.ActiveCfg = Release|Any CPU
		{B9AC82D7-3FE2-43EC-B69F-032A2E9B9AC5}.Release|Any CPU.Build.0 = Release|Any CPU
		{B9AC82D7-3FE2-43EC-B69F-032A2E9B9AC5}.Release|Any CPU.Deploy.0 = Release|Any CPU
		{B9AC82D7-3FE2-43EC-B69F-032A2E9B9AC5}.Release|x64.ActiveCfg = Release|Any CPU
		{B9AC82D7-3FE2-43EC-B69F-032A2E9B9AC5}.Release|x64.Build.0 = Release|Any CPU
		{B9AC82D7-3FE2-43EC-B69F-032A2E9B9AC5}.Release|x64.Deploy.0 = Release|Any CPU
		{B9AC82D7-3FE2-43EC-B69F-032A2E9B9AC5}.Release|x86.ActiveCfg = Release|Any CPU
		{B9AC82D7-3FE2-43EC-B69F-032A2E9B9AC5}.Release|x86.Build.0 = Release|Any CPU
		{B9AC82D7-3FE2-43EC-B69F-032A2E9B9AC5}.Release|x86.Deploy.0 = Release|Any CPU
		{69FD312D-1A07-475C-B33F-A300895FCB65}.Debug|Any CPU.ActiveCfg = Debug|Any CPU
		{69FD312D-1A07-475C-B33F-A300895FCB65}.Debug|Any CPU.Build.0 = Debug|Any CPU
		{69FD312D-1A07-475C-B33F-A300895FCB65}.Debug|Any CPU.Deploy.0 = Debug|Any CPU
		{69FD312D-1A07-475C-B33F-A300895FCB65}.Debug|x64.ActiveCfg = Debug|Any CPU
		{69FD312D-1A07-475C-B33F-A300895FCB65}.Debug|x64.Build.0 = Debug|Any CPU
		{69FD312D-1A07-475C-B33F-A300895FCB65}.Debug|x64.Deploy.0 = Debug|Any CPU
		{69FD312D-1A07-475C-B33F-A300895FCB65}.Debug|x86.ActiveCfg = Debug|Any CPU
		{69FD312D-1A07-475C-B33F-A300895FCB65}.Debug|x86.Build.0 = Debug|Any CPU
		{69FD312D-1A07-475C-B33F-A300895FCB65}.Debug|x86.Deploy.0 = Debug|Any CPU
		{69FD312D-1A07-475C-B33F-A300895FCB65}.Release|Any CPU.ActiveCfg = Release|Any CPU
		{69FD312D-1A07-475C-B33F-A300895FCB65}.Release|Any CPU.Build.0 = Release|Any CPU
		{69FD312D-1A07-475C-B33F-A300895FCB65}.Release|Any CPU.Deploy.0 = Release|Any CPU
		{69FD312D-1A07-475C-B33F-A300895FCB65}.Release|x64.ActiveCfg = Release|Any CPU
		{69FD312D-1A07-475C-B33F-A300895FCB65}.Release|x64.Build.0 = Release|Any CPU
		{69FD312D-1A07-475C-B33F-A300895FCB65}.Release|x64.Deploy.0 = Release|Any CPU
		{69FD312D-1A07-475C-B33F-A300895FCB65}.Release|x86.ActiveCfg = Release|Any CPU
		{69FD312D-1A07-475C-B33F-A300895FCB65}.Release|x86.Build.0 = Release|Any CPU
		{69FD312D-1A07-475C-B33F-A300895FCB65}.Release|x86.Deploy.0 = Release|Any CPU
		{0B0758B6-F8F1-4832-86FF-3B7037F00535}.Debug|Any CPU.ActiveCfg = Debug|Any CPU
		{0B0758B6-F8F1-4832-86FF-3B7037F00535}.Debug|Any CPU.Build.0 = Debug|Any CPU
		{0B0758B6-F8F1-4832-86FF-3B7037F00535}.Debug|Any CPU.Deploy.0 = Debug|Any CPU
		{0B0758B6-F8F1-4832-86FF-3B7037F00535}.Debug|x64.ActiveCfg = Debug|Any CPU
		{0B0758B6-F8F1-4832-86FF-3B7037F00535}.Debug|x64.Build.0 = Debug|Any CPU
		{0B0758B6-F8F1-4832-86FF-3B7037F00535}.Debug|x64.Deploy.0 = Debug|Any CPU
		{0B0758B6-F8F1-4832-86FF-3B7037F00535}.Debug|x86.ActiveCfg = Debug|Any CPU
		{0B0758B6-F8F1-4832-86FF-3B7037F00535}.Debug|x86.Build.0 = Debug|Any CPU
		{0B0758B6-F8F1-4832-86FF-3B7037F00535}.Debug|x86.Deploy.0 = Debug|Any CPU
		{0B0758B6-F8F1-4832-86FF-3B7037F00535}.Release|Any CPU.ActiveCfg = Release|Any CPU
		{0B0758B6-F8F1-4832-86FF-3B7037F00535}.Release|Any CPU.Build.0 = Release|Any CPU
		{0B0758B6-F8F1-4832-86FF-3B7037F00535}.Release|Any CPU.Deploy.0 = Release|Any CPU
		{0B0758B6-F8F1-4832-86FF-3B7037F00535}.Release|x64.ActiveCfg = Release|Any CPU
		{0B0758B6-F8F1-4832-86FF-3B7037F00535}.Release|x64.Build.0 = Release|Any CPU
		{0B0758B6-F8F1-4832-86FF-3B7037F00535}.Release|x64.Deploy.0 = Release|Any CPU
		{0B0758B6-F8F1-4832-86FF-3B7037F00535}.Release|x86.ActiveCfg = Release|Any CPU
		{0B0758B6-F8F1-4832-86FF-3B7037F00535}.Release|x86.Build.0 = Release|Any CPU
		{0B0758B6-F8F1-4832-86FF-3B7037F00535}.Release|x86.Deploy.0 = Release|Any CPU
	EndGlobalSection
	GlobalSection(SolutionProperties) = preSolution
		HideSolutionNode = FALSE
	EndGlobalSection
EndGlobal
